
Microsoft Visual Studio Solution File, Format Version 12.00
# Visual Studio Version 17
VisualStudioVersion = 17.12.35527.113 d17.12
MinimumVisualStudioVersion = 10.0.40219.1
Project("{FAE04EC0-301F-11D3-BF4B-00C04F79EFBC}") = "A-Bird-Told-Me", "A-Bird-Told-Me.csproj", "{B77F64C2-9D43-4C1E-B77D-295A7D035A7C}"
EndProject
Global
	GlobalSection(SolutionConfigurationPlatforms) = preSolution
		Debug|Any CPU = Debug|Any CPU
		Release|Any CPU = Release|Any CPU
	EndGlobalSection
	GlobalSection(ProjectConfigurationPlatforms) = postSolution
		{B77F64C2-9D43-4C1E-B77D-295A7D035A7C}.Debug|Any CPU.ActiveCfg = Debug|Any CPU
		{B77F64C2-9D43-4C1E-B77D-295A7D035A7C}.Debug|Any CPU.Build.0 = Debug|Any CPU
		{B77F64C2-9D43-4C1E-B77D-295A7D035A7C}.Release|Any CPU.ActiveCfg = Release|Any CPU
		{B77F64C2-9D43-4C1E-B77D-295A7D035A7C}.Release|Any CPU.Build.0 = Release|Any CPU
	EndGlobalSection
	GlobalSection(SolutionProperties) = preSolution
		HideSolutionNode = FALSE
	EndGlobalSection
EndGlobal
